
Microsoft Visual Studio Solution File, Format Version 12.00
# Visual Studio 15
Project("{FAE04EC0-301F-11D3-BF4B-00C04F79EFBC}") = "BFN1", "BFN1\BFN1.csproj", "{7F1CBE1D-D770-4A48-859A-9C432866197A}"
EndProject
Project("{FAE04EC0-301F-11D3-BF4B-00C04F79EFBC}") = "FLAMASTEv2", "FLAMASTEv2\FLAMASTEv2.csproj", "{53A81D11-3255-4824-B705-794498E23053}"
EndProject
Project("{FAE04EC0-301F-11D3-BF4B-00C04F79EFBC}") = "PA05_POT", "Potegi\PA05_POT.csproj", "{0B845CDF-B2DF-45C3-8E1E-C3774BE549E1}"
EndProject
Project("{FAE04EC0-301F-11D3-BF4B-00C04F79EFBC}") = "PP0501A", "PP0501A\PP0501A.csproj", "{69A42240-F28B-4CF1-A8E3-32D5AB1B9E55}"
EndProject
Project("{FAE04EC0-301F-11D3-BF4B-00C04F79EFBC}") = "PP0502B", "PP0502B\PP0502B.csproj", "{02F51F27-0B4C-42BF-B17C-9765499280D6}"
EndProject
Project("{FAE04EC0-301F-11D3-BF4B-00C04F79EFBC}") = "PRZEDSZK", "PRZEDSZK\PRZEDSZK.csproj", "{B2C158A9-16E3-4455-B534-F66AD067EC9C}"
EndProject
Project("{FAE04EC0-301F-11D3-BF4B-00C04F79EFBC}") = "RNO_DOD", "RNO_DOD\RNO_DOD.csproj", "{12F6725D-90F7-4333-B6E6-E3026799B9B7}"
EndProject
Project("{FAE04EC0-301F-11D3-BF4B-00C04F79EFBC}") = "FCTRL3", "Silnia\FCTRL3.csproj", "{3BF9C9B1-3E46-4E8A-A3C6-BC82D69EF48D}"
EndProject
Global
	GlobalSection(SolutionConfigurationPlatforms) = preSolution
		Debug|Any CPU = Debug|Any CPU
		Release|Any CPU = Release|Any CPU
	EndGlobalSection
	GlobalSection(ProjectConfigurationPlatforms) = postSolution
		{7F1CBE1D-D770-4A48-859A-9C432866197A}.Debug|Any CPU.ActiveCfg = Debug|Any CPU
		{7F1CBE1D-D770-4A48-859A-9C432866197A}.Debug|Any CPU.Build.0 = Debug|Any CPU
		{7F1CBE1D-D770-4A48-859A-9C432866197A}.Release|Any CPU.ActiveCfg = Release|Any CPU
		{7F1CBE1D-D770-4A48-859A-9C432866197A}.Release|Any CPU.Build.0 = Release|Any CPU
		{53A81D11-3255-4824-B705-794498E23053}.Debug|Any CPU.ActiveCfg = Debug|Any CPU
		{53A81D11-3255-4824-B705-794498E23053}.Debug|Any CPU.Build.0 = Debug|Any CPU
		{53A81D11-3255-4824-B705-794498E23053}.Release|Any CPU.ActiveCfg = Release|Any CPU
		{53A81D11-3255-4824-B705-794498E23053}.Release|Any CPU.Build.0 = Release|Any CPU
		{0B845CDF-B2DF-45C3-8E1E-C3774BE549E1}.Debug|Any CPU.ActiveCfg = Debug|Any CPU
		{0B845CDF-B2DF-45C3-8E1E-C3774BE549E1}.Debug|Any CPU.Build.0 = Debug|Any CPU
		{0B845CDF-B2DF-45C3-8E1E-C3774BE549E1}.Release|Any CPU.ActiveCfg = Release|Any CPU
		{0B845CDF-B2DF-45C3-8E1E-C3774BE549E1}.Release|Any CPU.Build.0 = Release|Any CPU
		{69A42240-F28B-4CF1-A8E3-32D5AB1B9E55}.Debug|Any CPU.ActiveCfg = Debug|Any CPU
		{69A42240-F28B-4CF1-A8E3-32D5AB1B9E55}.Debug|Any CPU.Build.0 = Debug|Any CPU
		{69A42240-F28B-4CF1-A8E3-32D5AB1B9E55}.Release|Any CPU.ActiveCfg = Release|Any CPU
		{69A42240-F28B-4CF1-A8E3-32D5AB1B9E55}.Release|Any CPU.Build.0 = Release|Any CPU
		{02F51F27-0B4C-42BF-B17C-9765499280D6}.Debug|Any CPU.ActiveCfg = Debug|Any CPU
		{02F51F27-0B4C-42BF-B17C-9765499280D6}.Debug|Any CPU.Build.0 = Debug|Any CPU
		{02F51F27-0B4C-42BF-B17C-9765499280D6}.Release|Any CPU.ActiveCfg = Release|Any CPU
		{02F51F27-0B4C-42BF-B17C-9765499280D6}.Release|Any CPU.Build.0 = Release|Any CPU
		{B2C158A9-16E3-4455-B534-F66AD067EC9C}.Debug|Any CPU.ActiveCfg = Debug|Any CPU
		{B2C158A9-16E3-4455-B534-F66AD067EC9C}.Debug|Any CPU.Build.0 = Debug|Any CPU
		{B2C158A9-16E3-4455-B534-F66AD067EC9C}.Release|Any CPU.ActiveCfg = Release|Any CPU
		{B2C158A9-16E3-4455-B534-F66AD067EC9C}.Release|Any CPU.Build.0 = Release|Any CPU
		{12F6725D-90F7-4333-B6E6-E3026799B9B7}.Debug|Any CPU.ActiveCfg = Debug|Any CPU
		{12F6725D-90F7-4333-B6E6-E3026799B9B7}.Debug|Any CPU.Build.0 = Debug|Any CPU
		{12F6725D-90F7-4333-B6E6-E3026799B9B7}.Release|Any CPU.ActiveCfg = Release|Any CPU
		{12F6725D-90F7-4333-B6E6-E3026799B9B7}.Release|Any CPU.Build.0 = Release|Any CPU
		{3BF9C9B1-3E46-4E8A-A3C6-BC82D69EF48D}.Debug|Any CPU.ActiveCfg = Debug|Any CPU
		{3BF9C9B1-3E46-4E8A-A3C6-BC82D69EF48D}.Debug|Any CPU.Build.0 = Debug|Any CPU
		{3BF9C9B1-3E46-4E8A-A3C6-BC82D69EF48D}.Release|Any CPU.ActiveCfg = Release|Any CPU
		{3BF9C9B1-3E46-4E8A-A3C6-BC82D69EF48D}.Release|Any CPU.Build.0 = Release|Any CPU
	EndGlobalSection
EndGlobal
