
Microsoft Visual Studio Solution File, Format Version 12.00
# Visual Studio 15
Project("{FAE04EC0-301F-11D3-BF4B-00C04F79EFBC}") = "test", "test\test.csproj", "{A173F337-0ED1-4BFD-A10D-C46CEE57F7F4}"
EndProject
Project("{FAE04EC0-301F-11D3-BF4B-00C04F79EFBC}") = "xxx", "xxx\xxx.csproj", "{8E529730-BE11-4581-8712-8072100ED0A2}"
EndProject
Global
	GlobalSection(SolutionConfigurationPlatforms) = preSolution
		Debug|Any CPU = Debug|Any CPU
		Release|Any CPU = Release|Any CPU
	EndGlobalSection
	GlobalSection(ProjectConfigurationPlatforms) = postSolution
		{A173F337-0ED1-4BFD-A10D-C46CEE57F7F4}.Debug|Any CPU.ActiveCfg = Debug|Any CPU
		{A173F337-0ED1-4BFD-A10D-C46CEE57F7F4}.Debug|Any CPU.Build.0 = Debug|Any CPU
		{A173F337-0ED1-4BFD-A10D-C46CEE57F7F4}.Release|Any CPU.ActiveCfg = Release|Any CPU
		{A173F337-0ED1-4BFD-A10D-C46CEE57F7F4}.Release|Any CPU.Build.0 = Release|Any CPU
		{8E529730-BE11-4581-8712-8072100ED0A2}.Debug|Any CPU.ActiveCfg = Debug|Any CPU
		{8E529730-BE11-4581-8712-8072100ED0A2}.Debug|Any CPU.Build.0 = Debug|Any CPU
		{8E529730-BE11-4581-8712-8072100ED0A2}.Release|Any CPU.ActiveCfg = Release|Any CPU
		{8E529730-BE11-4581-8712-8072100ED0A2}.Release|Any CPU.Build.0 = Release|Any CPU
	EndGlobalSection
EndGlobal
